
Microsoft Visual Studio Solution File, Format Version 12.00
# Visual Studio 15
VisualStudioVersion = 15.0.28307.1169
MinimumVisualStudioVersion = 10.0.40219.1
Project("{FAE04EC0-301F-11D3-BF4B-00C04F79EFBC}") = "WebApiService", "WebApiService\WebApiService.csproj", "{0F008C8A-98FD-44C5-8343-207831D20942}"
EndProject
Global
	GlobalSection(SolutionConfigurationPlatforms) = preSolution
		Debug|Any CPU = Debug|Any CPU
		Release|Any CPU = Release|Any CPU
	EndGlobalSection
	GlobalSection(ProjectConfigurationPlatforms) = postSolution
		{0F008C8A-98FD-44C5-8343-207831D20942}.Debug|Any CPU.ActiveCfg = Debug|Any CPU
		{0F008C8A-98FD-44C5-8343-207831D20942}.Debug|Any CPU.Build.0 = Debug|Any CPU
		{0F008C8A-98FD-44C5-8343-207831D20942}.Release|Any CPU.ActiveCfg = Release|Any CPU
		{0F008C8A-98FD-44C5-8343-207831D20942}.Release|Any CPU.Build.0 = Release|Any CPU
	EndGlobalSection
	GlobalSection(SolutionProperties) = preSolution
		HideSolutionNode = FALSE
	EndGlobalSection
	GlobalSection(ExtensibilityGlobals) = postSolution
		SolutionGuid = {CD8C725C-3A9D-4DF3-AD50-6F05A7B27618}
	EndGlobalSection
EndGlobal
